
Microsoft Visual Studio Solution File, Format Version 12.00
# Visual Studio 15
VisualStudioVersion = 15.0.27130.2020
MinimumVisualStudioVersion = 10.0.40219.1
Project("{FAE04EC0-301F-11D3-BF4B-00C04F79EFBC}") = "Sikiro.Tookits.Files", "Sikiro.Tookits.Files\Sikiro.Tookits.Files.csproj", "{F565E4EC-6129-49FD-B80C-91D86FF1E412}"
EndProject
Project("{2150E333-8FDC-42A3-9474-1A3956D46DE8}") = "Samples", "Samples", "{A5A2F903-C28E-403B-B859-7B9EC05248FF}"
EndProject
Project("{FAE04EC0-301F-11D3-BF4B-00C04F79EFBC}") = "Sikiro.Tookits.Files.Sample.Web", "Sikiro.Tookits.Files.Sample.Web\Sikiro.Tookits.Files.Sample.Web.csproj", "{0136A87E-7E33-4BB4-B45E-6BDE3662A4C9}"
EndProject
Global
	GlobalSection(SolutionConfigurationPlatforms) = preSolution
		Debug|Any CPU = Debug|Any CPU
		Release|Any CPU = Release|Any CPU
	EndGlobalSection
	GlobalSection(ProjectConfigurationPlatforms) = postSolution
		{F565E4EC-6129-49FD-B80C-91D86FF1E412}.Debug|Any CPU.ActiveCfg = Debug|Any CPU
		{F565E4EC-6129-49FD-B80C-91D86FF1E412}.Debug|Any CPU.Build.0 = Debug|Any CPU
		{F565E4EC-6129-49FD-B80C-91D86FF1E412}.Release|Any CPU.ActiveCfg = Release|Any CPU
		{F565E4EC-6129-49FD-B80C-91D86FF1E412}.Release|Any CPU.Build.0 = Release|Any CPU
		{0136A87E-7E33-4BB4-B45E-6BDE3662A4C9}.Debug|Any CPU.ActiveCfg = Debug|Any CPU
		{0136A87E-7E33-4BB4-B45E-6BDE3662A4C9}.Debug|Any CPU.Build.0 = Debug|Any CPU
		{0136A87E-7E33-4BB4-B45E-6BDE3662A4C9}.Release|Any CPU.ActiveCfg = Release|Any CPU
		{0136A87E-7E33-4BB4-B45E-6BDE3662A4C9}.Release|Any CPU.Build.0 = Release|Any CPU
	EndGlobalSection
	GlobalSection(SolutionProperties) = preSolution
		HideSolutionNode = FALSE
	EndGlobalSection
	GlobalSection(NestedProjects) = preSolution
		{0136A87E-7E33-4BB4-B45E-6BDE3662A4C9} = {A5A2F903-C28E-403B-B859-7B9EC05248FF}
	EndGlobalSection
	GlobalSection(ExtensibilityGlobals) = postSolution
		SolutionGuid = {6DCBCE41-3665-4C24-84AB-B85E8D9F2998}
	EndGlobalSection
EndGlobal
